
Microsoft Visual Studio Solution File, Format Version 12.00
# Visual Studio Version 16
VisualStudioVersion = 16.0.30804.86
MinimumVisualStudioVersion = 10.0.40219.1
Project("{FAE04EC0-301F-11D3-BF4B-00C04F79EFBC}") = "Odev1", "Odev1\Odev1.csproj", "{F60BE5E9-FF66-4F49-9298-5BD024B40570}"
EndProject
Project("{FAE04EC0-301F-11D3-BF4B-00C04F79EFBC}") = "Odev2", "Odev2\Odev2.csproj", "{52A3969C-7C56-4D4B-838D-3195BB9A3432}"
EndProject
Project("{FAE04EC0-301F-11D3-BF4B-00C04F79EFBC}") = "Odev3", "Odev3\Odev3.csproj", "{8D9FE7B5-C71E-48AC-91EB-2004FBD6B0D4}"
EndProject
Project("{FAE04EC0-301F-11D3-BF4B-00C04F79EFBC}") = "Odev4", "Odev4\Odev4.csproj", "{1CD375AB-5DB2-4BE5-A702-3D9061A80E25}"
EndProject
Project("{FAE04EC0-301F-11D3-BF4B-00C04F79EFBC}") = "Odev5", "Odev5\Odev5.csproj", "{44DF50A3-C985-4F95-825B-34D1526F5C3C}"
EndProject
Project("{FAE04EC0-301F-11D3-BF4B-00C04F79EFBC}") = "Odev6", "Odev6\Odev6.csproj", "{C32E29C0-4C31-434F-874C-667AD30B24B4}"
EndProject
Project("{FAE04EC0-301F-11D3-BF4B-00C04F79EFBC}") = "Odev7", "Odev7\Odev7.csproj", "{9DA788E1-46C9-4557-9506-37B5EAE09545}"
EndProject
Project("{FAE04EC0-301F-11D3-BF4B-00C04F79EFBC}") = "Odev8", "Odev8\Odev8.csproj", "{3F0202C5-9EA2-4F8D-9CAE-332FFCD01C82}"
EndProject
Project("{FAE04EC0-301F-11D3-BF4B-00C04F79EFBC}") = "Odev9", "Odev9\Odev9.csproj", "{1BCA917A-F539-4DC6-AA48-B09C730D4CC0}"
EndProject
Project("{FAE04EC0-301F-11D3-BF4B-00C04F79EFBC}") = "Odev10", "Odev10\Odev10.csproj", "{2305186F-23BC-42A9-B36A-EE04F8E6ABC9}"
EndProject
Project("{FAE04EC0-301F-11D3-BF4B-00C04F79EFBC}") = "Odev11", "Odev11\Odev11.csproj", "{64760B2D-F2DB-4E58-B827-4F0DBB077F21}"
EndProject
Project("{FAE04EC0-301F-11D3-BF4B-00C04F79EFBC}") = "Odev12", "Odev12\Odev12.csproj", "{365F1C29-F389-4290-993A-3A304BBA88EA}"
EndProject
Global
	GlobalSection(SolutionConfigurationPlatforms) = preSolution
		Debug|Any CPU = Debug|Any CPU
		Release|Any CPU = Release|Any CPU
	EndGlobalSection
	GlobalSection(ProjectConfigurationPlatforms) = postSolution
		{F60BE5E9-FF66-4F49-9298-5BD024B40570}.Debug|Any CPU.ActiveCfg = Debug|Any CPU
		{F60BE5E9-FF66-4F49-9298-5BD024B40570}.Debug|Any CPU.Build.0 = Debug|Any CPU
		{F60BE5E9-FF66-4F49-9298-5BD024B40570}.Release|Any CPU.ActiveCfg = Release|Any CPU
		{F60BE5E9-FF66-4F49-9298-5BD024B40570}.Release|Any CPU.Build.0 = Release|Any CPU
		{52A3969C-7C56-4D4B-838D-3195BB9A3432}.Debug|Any CPU.ActiveCfg = Debug|Any CPU
		{52A3969C-7C56-4D4B-838D-3195BB9A3432}.Debug|Any CPU.Build.0 = Debug|Any CPU
		{52A3969C-7C56-4D4B-838D-3195BB9A3432}.Release|Any CPU.ActiveCfg = Release|Any CPU
		{52A3969C-7C56-4D4B-838D-3195BB9A3432}.Release|Any CPU.Build.0 = Release|Any CPU
		{8D9FE7B5-C71E-48AC-91EB-2004FBD6B0D4}.Debug|Any CPU.ActiveCfg = Debug|Any CPU
		{8D9FE7B5-C71E-48AC-91EB-2004FBD6B0D4}.Debug|Any CPU.Build.0 = Debug|Any CPU
		{8D9FE7B5-C71E-48AC-91EB-2004FBD6B0D4}.Release|Any CPU.ActiveCfg = Release|Any CPU
		{8D9FE7B5-C71E-48AC-91EB-2004FBD6B0D4}.Release|Any CPU.Build.0 = Release|Any CPU
		{1CD375AB-5DB2-4BE5-A702-3D9061A80E25}.Debug|Any CPU.ActiveCfg = Debug|Any CPU
		{1CD375AB-5DB2-4BE5-A702-3D9061A80E25}.Debug|Any CPU.Build.0 = Debug|Any CPU
		{1CD375AB-5DB2-4BE5-A702-3D9061A80E25}.Release|Any CPU.ActiveCfg = Release|Any CPU
		{1CD375AB-5DB2-4BE5-A702-3D9061A80E25}.Release|Any CPU.Build.0 = Release|Any CPU
		{44DF50A3-C985-4F95-825B-34D1526F5C3C}.Debug|Any CPU.ActiveCfg = Debug|Any CPU
		{44DF50A3-C985-4F95-825B-34D1526F5C3C}.Debug|Any CPU.Build.0 = Debug|Any CPU
		{44DF50A3-C985-4F95-825B-34D1526F5C3C}.Release|Any CPU.ActiveCfg = Release|Any CPU
		{44DF50A3-C985-4F95-825B-34D1526F5C3C}.Release|Any CPU.Build.0 = Release|Any CPU
		{C32E29C0-4C31-434F-874C-667AD30B24B4}.Debug|Any CPU.ActiveCfg = Debug|Any CPU
		{C32E29C0-4C31-434F-874C-667AD30B24B4}.Debug|Any CPU.Build.0 = Debug|Any CPU
		{C32E29C0-4C31-434F-874C-667AD30B24B4}.Release|Any CPU.ActiveCfg = Release|Any CPU
		{C32E29C0-4C31-434F-874C-667AD30B24B4}.Release|Any CPU.Build.0 = Release|Any CPU
		{9DA788E1-46C9-4557-9506-37B5EAE09545}.Debug|Any CPU.ActiveCfg = Debug|Any CPU
		{9DA788E1-46C9-4557-9506-37B5EAE09545}.Debug|Any CPU.Build.0 = Debug|Any CPU
		{9DA788E1-46C9-4557-9506-37B5EAE09545}.Release|Any CPU.ActiveCfg = Release|Any CPU
		{9DA788E1-46C9-4557-9506-37B5EAE09545}.Release|Any CPU.Build.0 = Release|Any CPU
		{3F0202C5-9EA2-4F8D-9CAE-332FFCD01C82}.Debug|Any CPU.ActiveCfg = Debug|Any CPU
		{3F0202C5-9EA2-4F8D-9CAE-332FFCD01C82}.Debug|Any CPU.Build.0 = Debug|Any CPU
		{3F0202C5-9EA2-4F8D-9CAE-332FFCD01C82}.Release|Any CPU.ActiveCfg = Release|Any CPU
		{3F0202C5-9EA2-4F8D-9CAE-332FFCD01C82}.Release|Any CPU.Build.0 = Release|Any CPU
		{1BCA917A-F539-4DC6-AA48-B09C730D4CC0}.Debug|Any CPU.ActiveCfg = Debug|Any CPU
		{1BCA917A-F539-4DC6-AA48-B09C730D4CC0}.Debug|Any CPU.Build.0 = Debug|Any CPU
		{1BCA917A-F539-4DC6-AA48-B09C730D4CC0}.Release|Any CPU.ActiveCfg = Release|Any CPU
		{1BCA917A-F539-4DC6-AA48-B09C730D4CC0}.Release|Any CPU.Build.0 = Release|Any CPU
		{2305186F-23BC-42A9-B36A-EE04F8E6ABC9}.Debug|Any CPU.ActiveCfg = Debug|Any CPU
		{2305186F-23BC-42A9-B36A-EE04F8E6ABC9}.Debug|Any CPU.Build.0 = Debug|Any CPU
		{2305186F-23BC-42A9-B36A-EE04F8E6ABC9}.Release|Any CPU.ActiveCfg = Release|Any CPU
		{2305186F-23BC-42A9-B36A-EE04F8E6ABC9}.Release|Any CPU.Build.0 = Release|Any CPU
		{64760B2D-F2DB-4E58-B827-4F0DBB077F21}.Debug|Any CPU.ActiveCfg = Debug|Any CPU
		{64760B2D-F2DB-4E58-B827-4F0DBB077F21}.Debug|Any CPU.Build.0 = Debug|Any CPU
		{64760B2D-F2DB-4E58-B827-4F0DBB077F21}.Release|Any CPU.ActiveCfg = Release|Any CPU
		{64760B2D-F2DB-4E58-B827-4F0DBB077F21}.Release|Any CPU.Build.0 = Release|Any CPU
		{365F1C29-F389-4290-993A-3A304BBA88EA}.Debug|Any CPU.ActiveCfg = Debug|Any CPU
		{365F1C29-F389-4290-993A-3A304BBA88EA}.Debug|Any CPU.Build.0 = Debug|Any CPU
		{365F1C29-F389-4290-993A-3A304BBA88EA}.Release|Any CPU.ActiveCfg = Release|Any CPU
		{365F1C29-F389-4290-993A-3A304BBA88EA}.Release|Any CPU.Build.0 = Release|Any CPU
	EndGlobalSection
	GlobalSection(SolutionProperties) = preSolution
		HideSolutionNode = FALSE
	EndGlobalSection
	GlobalSection(ExtensibilityGlobals) = postSolution
		SolutionGuid = {08A47284-9964-4493-939E-21679436148E}
	EndGlobalSection
EndGlobal
